
Microsoft Visual Studio Solution File, Format Version 12.00
# Visual Studio Version 16
VisualStudioVersion = 16.0.30907.101
MinimumVisualStudioVersion = 10.0.40219.1
Project("{9A19103F-16F7-4668-BE54-9A1E7A4F7556}") = "AgreementManagement.Web", "AgreementManagement.Web\AgreementManagement.Web.csproj", "{B54D64D4-7A4E-4712-954B-C6803918E464}"
EndProject
Global
	GlobalSection(SolutionConfigurationPlatforms) = preSolution
		Debug|Any CPU = Debug|Any CPU
		Release|Any CPU = Release|Any CPU
	EndGlobalSection
	GlobalSection(ProjectConfigurationPlatforms) = postSolution
		{B54D64D4-7A4E-4712-954B-C6803918E464}.Debug|Any CPU.ActiveCfg = Debug|Any CPU
		{B54D64D4-7A4E-4712-954B-C6803918E464}.Debug|Any CPU.Build.0 = Debug|Any CPU
		{B54D64D4-7A4E-4712-954B-C6803918E464}.Release|Any CPU.ActiveCfg = Release|Any CPU
		{B54D64D4-7A4E-4712-954B-C6803918E464}.Release|Any CPU.Build.0 = Release|Any CPU
	EndGlobalSection
	GlobalSection(SolutionProperties) = preSolution
		HideSolutionNode = FALSE
	EndGlobalSection
	GlobalSection(ExtensibilityGlobals) = postSolution
		SolutionGuid = {E7C013A6-89DD-489E-9EA5-21A6409B2B5C}
	EndGlobalSection
EndGlobal
